
Microsoft Visual Studio Solution File, Format Version 12.00
# Visual Studio Version 17
VisualStudioVersion = 17.5.33516.290
MinimumVisualStudioVersion = 10.0.40219.1
Project("{FAE04EC0-301F-11D3-BF4B-00C04F79EFBC}") = "RationalLib", "RationalLib\RationalLib.csproj", "{F30875B7-415B-41DA-B667-E2F80F2E2851}"
EndProject
Project("{FAE04EC0-301F-11D3-BF4B-00C04F79EFBC}") = "RationalUnitTests", "RationalUnitTests\RationalUnitTests.csproj", "{9E891128-1097-4D94-B34B-ACB533C37421}"
EndProject
Project("{FAE04EC0-301F-11D3-BF4B-00C04F79EFBC}") = "RationalConsoleAppDemo", "RationalConsoleAppDemo\RationalConsoleAppDemo.csproj", "{8594E973-4425-407A-9479-56AA27C06940}"
EndProject
Global
	GlobalSection(SolutionConfigurationPlatforms) = preSolution
		Debug|Any CPU = Debug|Any CPU
		Release|Any CPU = Release|Any CPU
	EndGlobalSection
	GlobalSection(ProjectConfigurationPlatforms) = postSolution
		{F30875B7-415B-41DA-B667-E2F80F2E2851}.Debug|Any CPU.ActiveCfg = Debug|Any CPU
		{F30875B7-415B-41DA-B667-E2F80F2E2851}.Debug|Any CPU.Build.0 = Debug|Any CPU
		{F30875B7-415B-41DA-B667-E2F80F2E2851}.Release|Any CPU.ActiveCfg = Release|Any CPU
		{F30875B7-415B-41DA-B667-E2F80F2E2851}.Release|Any CPU.Build.0 = Release|Any CPU
		{9E891128-1097-4D94-B34B-ACB533C37421}.Debug|Any CPU.ActiveCfg = Debug|Any CPU
		{9E891128-1097-4D94-B34B-ACB533C37421}.Debug|Any CPU.Build.0 = Debug|Any CPU
		{9E891128-1097-4D94-B34B-ACB533C37421}.Release|Any CPU.ActiveCfg = Release|Any CPU
		{9E891128-1097-4D94-B34B-ACB533C37421}.Release|Any CPU.Build.0 = Release|Any CPU
		{8594E973-4425-407A-9479-56AA27C06940}.Debug|Any CPU.ActiveCfg = Debug|Any CPU
		{8594E973-4425-407A-9479-56AA27C06940}.Debug|Any CPU.Build.0 = Debug|Any CPU
		{8594E973-4425-407A-9479-56AA27C06940}.Release|Any CPU.ActiveCfg = Release|Any CPU
		{8594E973-4425-407A-9479-56AA27C06940}.Release|Any CPU.Build.0 = Release|Any CPU
	EndGlobalSection
	GlobalSection(SolutionProperties) = preSolution
		HideSolutionNode = FALSE
	EndGlobalSection
	GlobalSection(ExtensibilityGlobals) = postSolution
		SolutionGuid = {3D425C61-C7EB-46FB-A5F5-4774112D7875}
	EndGlobalSection
EndGlobal
